{
  "requires": true,
  "lockfileVersion": 1,
  "dependencies": {
    "ngx-permissions": {
      "version": "7.0.3",
      "resolved": "https://registry.npmjs.org/ngx-permissions/-/ngx-permissions-7.0.3.tgz",
      "integrity": "sha512-WwmUcO2IuE5gSgsR+wf23XkJDJzUzQ9iVNOGGfHq7tavdQK1VBY7C0oJOq7+H5vLDSfc+pEDsBwc03lXhq7J1g==",
      "requires": {
        "tslib": "^1.9.0"
      }
    },
    "tslib": {
      "version": "1.13.0",
      "resolved": "https://registry.npmjs.org/tslib/-/tslib-1.13.0.tgz",
      "integrity": "sha512-i/6DQjL8Xf3be4K/E6Wgpekn5Qasl1usyw++dAA35Ue5orEn65VIxOA+YvNNl9HV3qv70T7CNwjODHZrLwvd1Q=="
    }
  }
}
